// !$*UTF8*$!
{
	archiveVersion = 1;
	classes = {
	};
	objectVersion = 46;
	objects = {

/* Begin PBXBuildFile section */
		0074DF361B6AAC4A0091B7A6 /* ItemViewController.swift in Sources */ = {isa = PBXBuildFile; fileRef = 0074DF351B6AAC4A0091B7A6 /* ItemViewController.swift */; };
		00BBB4F01B6ADAA6001DF752 /* DayView.swift in Sources */ = {isa = PBXBuildFile; fileRef = 00BBB4EF1B6ADAA6001DF752 /* DayView.swift */; };
		00BBB4F21B6ADB84001DF752 /* MonthView.swift in Sources */ = {isa = PBXBuildFile; fileRef = 00BBB4F11B6ADB84001DF752 /* MonthView.swift */; };
		00BBB4F41B6ADC63001DF752 /* CalenderView.swift in Sources */ = {isa = PBXBuildFile; fileRef = 00BBB4F31B6ADC63001DF752 /* CalenderView.swift */; };
		0DD1D4441B69E494009C591C /* img01.jpg in Resources */ = {isa = PBXBuildFile; fileRef = 0DD1D4431B69E494009C591C /* img01.jpg */; };
		0DD1D4461B6A998D009C591C /* Common.swift in Sources */ = {isa = PBXBuildFile; fileRef = 0DD1D4451B6A998D009C591C /* Common.swift */; };
		2D08996B1B69A7E400BD9798 /* AppDelegate.swift in Sources */ = {isa = PBXBuildFile; fileRef = 2D08996A1B69A7E400BD9798 /* AppDelegate.swift */; };
		2D0899701B69A7E400BD9798 /* Main.storyboard in Resources */ = {isa = PBXBuildFile; fileRef = 2D08996E1B69A7E400BD9798 /* Main.storyboard */; };
		2D0899721B69A7E400BD9798 /* Images.xcassets in Resources */ = {isa = PBXBuildFile; fileRef = 2D0899711B69A7E400BD9798 /* Images.xcassets */; };
		2D0899751B69A7E400BD9798 /* LaunchScreen.xib in Resources */ = {isa = PBXBuildFile; fileRef = 2D0899731B69A7E400BD9798 /* LaunchScreen.xib */; };
		2D0899811B69A7E400BD9798 /* RoyalCustomerTests.swift in Sources */ = {isa = PBXBuildFile; fileRef = 2D0899801B69A7E400BD9798 /* RoyalCustomerTests.swift */; };
		2D08998B1B69A87600BD9798 /* ItemListViewController.swift in Sources */ = {isa = PBXBuildFile; fileRef = 2D08998A1B69A87600BD9798 /* ItemListViewController.swift */; };
		2D14E7CF1B69DEED0004C6B5 /* ChatsTableViewController.swift in Sources */ = {isa = PBXBuildFile; fileRef = 2D14E7CD1B69DEED0004C6B5 /* ChatsTableViewController.swift */; };
		2D14E7D01B69DEED0004C6B5 /* ChatTableViewCell.swift in Sources */ = {isa = PBXBuildFile; fileRef = 2D14E7CE1B69DEED0004C6B5 /* ChatTableViewCell.swift */; };
		2D14E7D51B69DEF90004C6B5 /* ChatViewController.swift in Sources */ = {isa = PBXBuildFile; fileRef = 2D14E7D21B69DEF90004C6B5 /* ChatViewController.swift */; };
		2D14E7D61B69DEF90004C6B5 /* MessageBubbleTableViewCell.swift in Sources */ = {isa = PBXBuildFile; fileRef = 2D14E7D31B69DEF90004C6B5 /* MessageBubbleTableViewCell.swift */; };
		2D14E7D71B69DEF90004C6B5 /* MessageSentDateTableViewCell.swift in Sources */ = {isa = PBXBuildFile; fileRef = 2D14E7D41B69DEF90004C6B5 /* MessageSentDateTableViewCell.swift */; };
		2D14E7DB1B69DF050004C6B5 /* ComposeViewController.swift in Sources */ = {isa = PBXBuildFile; fileRef = 2D14E7D91B69DF050004C6B5 /* ComposeViewController.swift */; };
		2D14E7DC1B69DF050004C6B5 /* UserTableViewCell.swift in Sources */ = {isa = PBXBuildFile; fileRef = 2D14E7DA1B69DF050004C6B5 /* UserTableViewCell.swift */; };
		2D14E7E21B69DF0E0004C6B5 /* ActivityOverlayView.swift in Sources */ = {isa = PBXBuildFile; fileRef = 2D14E7DF1B69DF0E0004C6B5 /* ActivityOverlayView.swift */; };
		2D14E7E31B69DF0E0004C6B5 /* NetWorking.swift in Sources */ = {isa = PBXBuildFile; fileRef = 2D14E7E11B69DF0E0004C6B5 /* NetWorking.swift */; };
		2D14E7E91B69DF230004C6B5 /* Account.swift in Sources */ = {isa = PBXBuildFile; fileRef = 2D14E7E51B69DF230004C6B5 /* Account.swift */; };
		2D14E7EA1B69DF230004C6B5 /* Chat.swift in Sources */ = {isa = PBXBuildFile; fileRef = 2D14E7E61B69DF230004C6B5 /* Chat.swift */; };
		2D14E7EB1B69DF230004C6B5 /* Message.swift in Sources */ = {isa = PBXBuildFile; fileRef = 2D14E7E71B69DF230004C6B5 /* Message.swift */; };
		2D14E7EC1B69DF230004C6B5 /* User.swift in Sources */ = {isa = PBXBuildFile; fileRef = 2D14E7E81B69DF230004C6B5 /* User.swift */; };
		2D14E7EF1B69DF2A0004C6B5 /* UserPictureImageView.swift in Sources */ = {isa = PBXBuildFile; fileRef = 2D14E7EE1B69DF2A0004C6B5 /* UserPictureImageView.swift */; };
		DB829A14935AADF7CC40A00A /* libPods.a in Frameworks */ = {isa = PBXBuildFile; fileRef = 32EF4838FFD2D1488134D06C /* libPods.a */; };
/* End PBXBuildFile section */

/* Begin PBXContainerItemProxy section */
		2D08997B1B69A7E400BD9798 /* PBXContainerItemProxy */ = {
			isa = PBXContainerItemProxy;
			containerPortal = 2D08995D1B69A7E400BD9798 /* Project object */;
			proxyType = 1;
			remoteGlobalIDString = 2D0899641B69A7E400BD9798;
			remoteInfo = RoyalCustomer;
		};
/* End PBXContainerItemProxy section */

/* Begin PBXFileReference section */
		0074DF341B6AABBD0091B7A6 /* RoyalCustomer-Bridging-Header.h */ = {isa = PBXFileReference; lastKnownFileType = sourcecode.c.h; path = "RoyalCustomer-Bridging-Header.h"; sourceTree = "<group>"; };
		0074DF351B6AAC4A0091B7A6 /* ItemViewController.swift */ = {isa = PBXFileReference; fileEncoding = 4; lastKnownFileType = sourcecode.swift; path = ItemViewController.swift; sourceTree = "<group>"; };
		00BBB4EF1B6ADAA6001DF752 /* DayView.swift */ = {isa = PBXFileReference; fileEncoding = 4; lastKnownFileType = sourcecode.swift; path = DayView.swift; sourceTree = "<group>"; };
		00BBB4F11B6ADB84001DF752 /* MonthView.swift */ = {isa = PBXFileReference; fileEncoding = 4; lastKnownFileType = sourcecode.swift; path = MonthView.swift; sourceTree = "<group>"; };
		00BBB4F31B6ADC63001DF752 /* CalenderView.swift */ = {isa = PBXFileReference; fileEncoding = 4; lastKnownFileType = sourcecode.swift; path = CalenderView.swift; sourceTree = "<group>"; };
		0DD1D4431B69E494009C591C /* img01.jpg */ = {isa = PBXFileReference; lastKnownFileType = image.jpeg; path = img01.jpg; sourceTree = "<group>"; };
		0DD1D4451B6A998D009C591C /* Common.swift */ = {isa = PBXFileReference; fileEncoding = 4; lastKnownFileType = sourcecode.swift; path = Common.swift; sourceTree = "<group>"; };
		2D0899651B69A7E400BD9798 /* RoyalCustomer.app */ = {isa = PBXFileReference; explicitFileType = wrapper.application; includeInIndex = 0; path = RoyalCustomer.app; sourceTree = BUILT_PRODUCTS_DIR; };
		2D0899691B69A7E400BD9798 /* Info.plist */ = {isa = PBXFileReference; lastKnownFileType = text.plist.xml; path = Info.plist; sourceTree = "<group>"; };
		2D08996A1B69A7E400BD9798 /* AppDelegate.swift */ = {isa = PBXFileReference; lastKnownFileType = sourcecode.swift; path = AppDelegate.swift; sourceTree = "<group>"; };
		2D08996F1B69A7E400BD9798 /* Base */ = {isa = PBXFileReference; lastKnownFileType = file.storyboard; name = Base; path = Base.lproj/Main.storyboard; sourceTree = "<group>"; };
		2D0899711B69A7E400BD9798 /* Images.xcassets */ = {isa = PBXFileReference; lastKnownFileType = folder.assetcatalog; path = Images.xcassets; sourceTree = "<group>"; };
		2D0899741B69A7E400BD9798 /* Base */ = {isa = PBXFileReference; lastKnownFileType = file.xib; name = Base; path = Base.lproj/LaunchScreen.xib; sourceTree = "<group>"; };
		2D08997A1B69A7E400BD9798 /* RoyalCustomerTests.xctest */ = {isa = PBXFileReference; explicitFileType = wrapper.cfbundle; includeInIndex = 0; path = RoyalCustomerTests.xctest; sourceTree = BUILT_PRODUCTS_DIR; };
		2D08997F1B69A7E400BD9798 /* Info.plist */ = {isa = PBXFileReference; lastKnownFileType = text.plist.xml; path = Info.plist; sourceTree = "<group>"; };
		2D0899801B69A7E400BD9798 /* RoyalCustomerTests.swift */ = {isa = PBXFileReference; lastKnownFileType = sourcecode.swift; path = RoyalCustomerTests.swift; sourceTree = "<group>"; };
		2D08998A1B69A87600BD9798 /* ItemListViewController.swift */ = {isa = PBXFileReference; fileEncoding = 4; lastKnownFileType = sourcecode.swift; path = ItemListViewController.swift; sourceTree = "<group>"; };
		2D14E7CD1B69DEED0004C6B5 /* ChatsTableViewController.swift */ = {isa = PBXFileReference; fileEncoding = 4; lastKnownFileType = sourcecode.swift; path = ChatsTableViewController.swift; sourceTree = "<group>"; };
		2D14E7CE1B69DEED0004C6B5 /* ChatTableViewCell.swift */ = {isa = PBXFileReference; fileEncoding = 4; lastKnownFileType = sourcecode.swift; path = ChatTableViewCell.swift; sourceTree = "<group>"; };
		2D14E7D21B69DEF90004C6B5 /* ChatViewController.swift */ = {isa = PBXFileReference; fileEncoding = 4; lastKnownFileType = sourcecode.swift; path = ChatViewController.swift; sourceTree = "<group>"; };
		2D14E7D31B69DEF90004C6B5 /* MessageBubbleTableViewCell.swift */ = {isa = PBXFileReference; fileEncoding = 4; lastKnownFileType = sourcecode.swift; path = MessageBubbleTableViewCell.swift; sourceTree = "<group>"; };
		2D14E7D41B69DEF90004C6B5 /* MessageSentDateTableViewCell.swift */ = {isa = PBXFileReference; fileEncoding = 4; lastKnownFileType = sourcecode.swift; path = MessageSentDateTableViewCell.swift; sourceTree = "<group>"; };
		2D14E7D91B69DF050004C6B5 /* ComposeViewController.swift */ = {isa = PBXFileReference; fileEncoding = 4; lastKnownFileType = sourcecode.swift; path = ComposeViewController.swift; sourceTree = "<group>"; };
		2D14E7DA1B69DF050004C6B5 /* UserTableViewCell.swift */ = {isa = PBXFileReference; fileEncoding = 4; lastKnownFileType = sourcecode.swift; path = UserTableViewCell.swift; sourceTree = "<group>"; };
		2D14E7DF1B69DF0E0004C6B5 /* ActivityOverlayView.swift */ = {isa = PBXFileReference; fileEncoding = 4; lastKnownFileType = sourcecode.swift; path = ActivityOverlayView.swift; sourceTree = "<group>"; };
		2D14E7E11B69DF0E0004C6B5 /* NetWorking.swift */ = {isa = PBXFileReference; fileEncoding = 4; lastKnownFileType = sourcecode.swift; path = NetWorking.swift; sourceTree = "<group>"; };
		2D14E7E51B69DF230004C6B5 /* Account.swift */ = {isa = PBXFileReference; fileEncoding = 4; lastKnownFileType = sourcecode.swift; path = Account.swift; sourceTree = "<group>"; };
		2D14E7E61B69DF230004C6B5 /* Chat.swift */ = {isa = PBXFileReference; fileEncoding = 4; lastKnownFileType = sourcecode.swift; path = Chat.swift; sourceTree = "<group>"; };
		2D14E7E71B69DF230004C6B5 /* Message.swift */ = {isa = PBXFileReference; fileEncoding = 4; lastKnownFileType = sourcecode.swift; path = Message.swift; sourceTree = "<group>"; };
		2D14E7E81B69DF230004C6B5 /* User.swift */ = {isa = PBXFileReference; fileEncoding = 4; lastKnownFileType = sourcecode.swift; path = User.swift; sourceTree = "<group>"; };
		2D14E7EE1B69DF2A0004C6B5 /* UserPictureImageView.swift */ = {isa = PBXFileReference; fileEncoding = 4; lastKnownFileType = sourcecode.swift; path = UserPictureImageView.swift; sourceTree = "<group>"; };
		32EF4838FFD2D1488134D06C /* libPods.a */ = {isa = PBXFileReference; explicitFileType = archive.ar; includeInIndex = 0; path = libPods.a; sourceTree = BUILT_PRODUCTS_DIR; };
		43D3EF0A61C712F8DA3A41F1 /* Pods.debug.xcconfig */ = {isa = PBXFileReference; includeInIndex = 1; lastKnownFileType = text.xcconfig; name = Pods.debug.xcconfig; path = "Pods/Target Support Files/Pods/Pods.debug.xcconfig"; sourceTree = "<group>"; };
		79CB1A88BA802A196012D779 /* Pods.release.xcconfig */ = {isa = PBXFileReference; includeInIndex = 1; lastKnownFileType = text.xcconfig; name = Pods.release.xcconfig; path = "Pods/Target Support Files/Pods/Pods.release.xcconfig"; sourceTree = "<group>"; };
/* End PBXFileReference section */

/* Begin PBXFrameworksBuildPhase section */
		2D0899621B69A7E400BD9798 /* Frameworks */ = {
			isa = PBXFrameworksBuildPhase;
			buildActionMask = 2147483647;
			files = (
				DB829A14935AADF7CC40A00A /* libPods.a in Frameworks */,
			);
			runOnlyForDeploymentPostprocessing = 0;
		};
		2D0899771B69A7E400BD9798 /* Frameworks */ = {
			isa = PBXFrameworksBuildPhase;
			buildActionMask = 2147483647;
			files = (
			);
			runOnlyForDeploymentPostprocessing = 0;
		};
/* End PBXFrameworksBuildPhase section */

/* Begin PBXGroup section */
		00BBB4EE1B6ADA92001DF752 /* View */ = {
			isa = PBXGroup;
			children = (
				00BBB4EF1B6ADAA6001DF752 /* DayView.swift */,
				00BBB4F11B6ADB84001DF752 /* MonthView.swift */,
				00BBB4F31B6ADC63001DF752 /* CalenderView.swift */,
			);
			path = View;
			sourceTree = "<group>";
		};
		2D08995C1B69A7E400BD9798 = {
			isa = PBXGroup;
			children = (
				2D0899671B69A7E400BD9798 /* RoyalCustomer */,
				2D08997D1B69A7E400BD9798 /* RoyalCustomerTests */,
				2D0899661B69A7E400BD9798 /* Products */,
				CEF9456B07C90C70F22872BD /* Pods */,
				6E43C24568E174E239B1A99E /* Frameworks */,
			);
			sourceTree = "<group>";
		};
		2D0899661B69A7E400BD9798 /* Products */ = {
			isa = PBXGroup;
			children = (
				2D0899651B69A7E400BD9798 /* RoyalCustomer.app */,
				2D08997A1B69A7E400BD9798 /* RoyalCustomerTests.xctest */,
			);
			name = Products;
			sourceTree = "<group>";
		};
		2D0899671B69A7E400BD9798 /* RoyalCustomer */ = {
			isa = PBXGroup;
			children = (
				00BBB4EE1B6ADA92001DF752 /* View */,
				2D14E7ED1B69DF2A0004C6B5 /* Users */,
				2D14E7E41B69DF230004C6B5 /* Models */,
				2D14E7DD1B69DF0E0004C6B5 /* Libraries */,
				2D14E7D81B69DF050004C6B5 /* Compose */,
				2D14E7D11B69DEF90004C6B5 /* Chat */,
				2D14E7CC1B69DEED0004C6B5 /* Chats */,
				2D08996A1B69A7E400BD9798 /* AppDelegate.swift */,
				2D08996E1B69A7E400BD9798 /* Main.storyboard */,
				2D0899711B69A7E400BD9798 /* Images.xcassets */,
				2D0899731B69A7E400BD9798 /* LaunchScreen.xib */,
				2D0899681B69A7E400BD9798 /* Supporting Files */,
				2D08998A1B69A87600BD9798 /* ItemListViewController.swift */,
				0DD1D4451B6A998D009C591C /* Common.swift */,
				0074DF341B6AABBD0091B7A6 /* RoyalCustomer-Bridging-Header.h */,
				0074DF351B6AAC4A0091B7A6 /* ItemViewController.swift */,
			);
			path = RoyalCustomer;
			sourceTree = "<group>";
		};
		2D0899681B69A7E400BD9798 /* Supporting Files */ = {
			isa = PBXGroup;
			children = (
				2D0899691B69A7E400BD9798 /* Info.plist */,
			);
			path = "Supporting Files";
			sourceTree = "<group>";
		};
		2D08997D1B69A7E400BD9798 /* RoyalCustomerTests */ = {
			isa = PBXGroup;
			children = (
				2D0899801B69A7E400BD9798 /* RoyalCustomerTests.swift */,
				2D08997E1B69A7E400BD9798 /* Supporting Files */,
			);
			path = RoyalCustomerTests;
			sourceTree = "<group>";
		};
		2D08997E1B69A7E400BD9798 /* Supporting Files */ = {
			isa = PBXGroup;
			children = (
				2D08997F1B69A7E400BD9798 /* Info.plist */,
			);
			path = "Supporting Files";
			sourceTree = "<group>";
		};
		2D14E7CC1B69DEED0004C6B5 /* Chats */ = {
			isa = PBXGroup;
			children = (
				2D14E7CD1B69DEED0004C6B5 /* ChatsTableViewController.swift */,
				2D14E7CE1B69DEED0004C6B5 /* ChatTableViewCell.swift */,
			);
			path = Chats;
			sourceTree = "<group>";
		};
		2D14E7D11B69DEF90004C6B5 /* Chat */ = {
			isa = PBXGroup;
			children = (
				2D14E7D21B69DEF90004C6B5 /* ChatViewController.swift */,
				2D14E7D31B69DEF90004C6B5 /* MessageBubbleTableViewCell.swift */,
				2D14E7D41B69DEF90004C6B5 /* MessageSentDateTableViewCell.swift */,
			);
			path = Chat;
			sourceTree = "<group>";
		};
		2D14E7D81B69DF050004C6B5 /* Compose */ = {
			isa = PBXGroup;
			children = (
				2D14E7D91B69DF050004C6B5 /* ComposeViewController.swift */,
				2D14E7DA1B69DF050004C6B5 /* UserTableViewCell.swift */,
			);
			path = Compose;
			sourceTree = "<group>";
		};
		2D14E7DD1B69DF0E0004C6B5 /* Libraries */ = {
			isa = PBXGroup;
			children = (
				2D14E7DE1B69DF0E0004C6B5 /* Activity Views */,
				2D14E7E01B69DF0E0004C6B5 /* Networking */,
			);
			path = Libraries;
			sourceTree = "<group>";
		};
		2D14E7DE1B69DF0E0004C6B5 /* Activity Views */ = {
			isa = PBXGroup;
			children = (
				2D14E7DF1B69DF0E0004C6B5 /* ActivityOverlayView.swift */,
			);
			path = "Activity Views";
			sourceTree = "<group>";
		};
		2D14E7E01B69DF0E0004C6B5 /* Networking */ = {
			isa = PBXGroup;
			children = (
				2D14E7E11B69DF0E0004C6B5 /* NetWorking.swift */,
			);
			path = Networking;
			sourceTree = "<group>";
		};
		2D14E7E41B69DF230004C6B5 /* Models */ = {
			isa = PBXGroup;
			children = (
				2D14E7E51B69DF230004C6B5 /* Account.swift */,
				2D14E7E61B69DF230004C6B5 /* Chat.swift */,
				2D14E7E71B69DF230004C6B5 /* Message.swift */,
				2D14E7E81B69DF230004C6B5 /* User.swift */,
			);
			path = Models;
			sourceTree = "<group>";
		};
		2D14E7ED1B69DF2A0004C6B5 /* Users */ = {
			isa = PBXGroup;
			children = (
				2D14E7EE1B69DF2A0004C6B5 /* UserPictureImageView.swift */,
			);
			path = Users;
			sourceTree = "<group>";
		};
		6E43C24568E174E239B1A99E /* Frameworks */ = {
			isa = PBXGroup;
			children = (
				32EF4838FFD2D1488134D06C /* libPods.a */,
			);
			name = Frameworks;
			sourceTree = "<group>";
		};
		CEF9456B07C90C70F22872BD /* Pods */ = {
			isa = PBXGroup;
			children = (
				43D3EF0A61C712F8DA3A41F1 /* Pods.debug.xcconfig */,
				79CB1A88BA802A196012D779 /* Pods.release.xcconfig */,
			);
			name = Pods;
			sourceTree = "<group>";
		};
/* End PBXGroup section */

/* Begin PBXNativeTarget section */
		2D0899641B69A7E400BD9798 /* RoyalCustomer */ = {
			isa = PBXNativeTarget;
			buildConfigurationList = 2D0899841B69A7E400BD9798 /* Build configuration list for PBXNativeTarget "RoyalCustomer" */;
			buildPhases = (
				02D69FA9521D858A6FC8D3C3 /* Check Pods Manifest.lock */,
				2D0899611B69A7E400BD9798 /* Sources */,
				2D0899621B69A7E400BD9798 /* Frameworks */,
				2D0899631B69A7E400BD9798 /* Resources */,
				550B37FE0A2C8AA48C28C6CB /* Copy Pods Resources */,
			);
			buildRules = (
			);
			dependencies = (
			);
			name = RoyalCustomer;
			productName = RoyalCustomer;
			productReference = 2D0899651B69A7E400BD9798 /* RoyalCustomer.app */;
			productType = "com.apple.product-type.application";
		};
		2D0899791B69A7E400BD9798 /* RoyalCustomerTests */ = {
			isa = PBXNativeTarget;
			buildConfigurationList = 2D0899871B69A7E400BD9798 /* Build configuration list for PBXNativeTarget "RoyalCustomerTests" */;
			buildPhases = (
				2D0899761B69A7E400BD9798 /* Sources */,
				2D0899771B69A7E400BD9798 /* Frameworks */,
				2D0899781B69A7E400BD9798 /* Resources */,
			);
			buildRules = (
			);
			dependencies = (
				2D08997C1B69A7E400BD9798 /* PBXTargetDependency */,
			);
			name = RoyalCustomerTests;
			productName = RoyalCustomerTests;
			productReference = 2D08997A1B69A7E400BD9798 /* RoyalCustomerTests.xctest */;
			productType = "com.apple.product-type.bundle.unit-test";
		};
/* End PBXNativeTarget section */

/* Begin PBXProject section */
		2D08995D1B69A7E400BD9798 /* Project object */ = {
			isa = PBXProject;
			attributes = {
				LastUpgradeCheck = 0640;
				ORGANIZATIONNAME = NRI;
				TargetAttributes = {
					2D0899641B69A7E400BD9798 = {
						CreatedOnToolsVersion = 6.4;
					};
					2D0899791B69A7E400BD9798 = {
						CreatedOnToolsVersion = 6.4;
						TestTargetID = 2D0899641B69A7E400BD9798;
					};
				};
			};
			buildConfigurationList = 2D0899601B69A7E400BD9798 /* Build configuration list for PBXProject "RoyalCustomer" */;
			compatibilityVersion = "Xcode 3.2";
			developmentRegion = English;
			hasScannedForEncodings = 0;
			knownRegions = (
				en,
				Base,
			);
			mainGroup = 2D08995C1B69A7E400BD9798;
			productRefGroup = 2D0899661B69A7E400BD9798 /* Products */;
			projectDirPath = "";
			projectRoot = "";
			targets = (
				2D0899641B69A7E400BD9798 /* RoyalCustomer */,
				2D0899791B69A7E400BD9798 /* RoyalCustomerTests */,
			);
		};
/* End PBXProject section */

/* Begin PBXResourcesBuildPhase section */
		2D0899631B69A7E400BD9798 /* Resources */ = {
			isa = PBXResourcesBuildPhase;
			buildActionMask = 2147483647;
			files = (
				2D0899701B69A7E400BD9798 /* Main.storyboard in Resources */,
				2D0899751B69A7E400BD9798 /* LaunchScreen.xib in Resources */,
				2D0899721B69A7E400BD9798 /* Images.xcassets in Resources */,
			);
			runOnlyForDeploymentPostprocessing = 0;
		};
		2D0899781B69A7E400BD9798 /* Resources */ = {
			isa = PBXResourcesBuildPhase;
			buildActionMask = 2147483647;
			files = (
			);
			runOnlyForDeploymentPostprocessing = 0;
		};
/* End PBXResourcesBuildPhase section */

/* Begin PBXShellScriptBuildPhase section */
		02D69FA9521D858A6FC8D3C3 /* Check Pods Manifest.lock */ = {
			isa = PBXShellScriptBuildPhase;
			buildActionMask = 2147483647;
			files = (
			);
			inputPaths = (
			);
			name = "Check Pods Manifest.lock";
			outputPaths = (
			);
			runOnlyForDeploymentPostprocessing = 0;
			shellPath = /bin/sh;
			shellScript = "diff \"${PODS_ROOT}/../Podfile.lock\" \"${PODS_ROOT}/Manifest.lock\" > /dev/null\nif [[ $? != 0 ]] ; then\n    cat << EOM\nerror: The sandbox is not in sync with the Podfile.lock. Run 'pod install' or update your CocoaPods installation.\nEOM\n    exit 1\nfi\n";
			showEnvVarsInLog = 0;
		};
		550B37FE0A2C8AA48C28C6CB /* Copy Pods Resources */ = {
			isa = PBXShellScriptBuildPhase;
			buildActionMask = 2147483647;
			files = (
			);
			inputPaths = (
			);
			name = "Copy Pods Resources";
			outputPaths = (
			);
			runOnlyForDeploymentPostprocessing = 0;
			shellPath = /bin/sh;
			shellScript = "\"${SRCROOT}/Pods/Target Support Files/Pods/Pods-resources.sh\"\n";
			showEnvVarsInLog = 0;
		};
/* End PBXShellScriptBuildPhase section */

/* Begin PBXSourcesBuildPhase section */
		2D0899611B69A7E400BD9798 /* Sources */ = {
			isa = PBXSourcesBuildPhase;
			buildActionMask = 2147483647;
			files = (
				2D14E7DB1B69DF050004C6B5 /* ComposeViewController.swift in Sources */,
				2D14E7E91B69DF230004C6B5 /* Account.swift in Sources */,
				2D14E7D71B69DEF90004C6B5 /* MessageSentDateTableViewCell.swift in Sources */,
				2D14E7EC1B69DF230004C6B5 /* User.swift in Sources */,
				2D08996B1B69A7E400BD9798 /* AppDelegate.swift in Sources */,
				2D14E7DC1B69DF050004C6B5 /* UserTableViewCell.swift in Sources */,
				2D14E7E21B69DF0E0004C6B5 /* ActivityOverlayView.swift in Sources */,
				2D14E7D01B69DEED0004C6B5 /* ChatTableViewCell.swift in Sources */,
				2D14E7EF1B69DF2A0004C6B5 /* UserPictureImageView.swift in Sources */,
				2D08998B1B69A87600BD9798 /* ItemListViewController.swift in Sources */,
				2D14E7EA1B69DF230004C6B5 /* Chat.swift in Sources */,
				00BBB4F21B6ADB84001DF752 /* MonthView.swift in Sources */,
				2D14E7D61B69DEF90004C6B5 /* MessageBubbleTableViewCell.swift in Sources */,
				2D14E7D51B69DEF90004C6B5 /* ChatViewController.swift in Sources */,
				0DD1D4461B6A998D009C591C /* Common.swift in Sources */,
				2D14E7EB1B69DF230004C6B5 /* Message.swift in Sources */,
				2D14E7CF1B69DEED0004C6B5 /* ChatsTableViewController.swift in Sources */,
				00BBB4F41B6ADC63001DF752 /* CalenderView.swift in Sources */,
				2D14E7E31B69DF0E0004C6B5 /* NetWorking.swift in Sources */,
				0074DF361B6AAC4A0091B7A6 /* ItemViewController.swift in Sources */,
				00BBB4F01B6ADAA6001DF752 /* DayView.swift in Sources */,
			);
			runOnlyForDeploymentPostprocessing = 0;
		};
		2D0899761B69A7E400BD9798 /* Sources */ = {
			isa = PBXSourcesBuildPhase;
			buildActionMask = 2147483647;
			files = (
				2D0899811B69A7E400BD9798 /* RoyalCustomerTests.swift in Sources */,
			);
			runOnlyForDeploymentPostprocessing = 0;
		};
/* End PBXSourcesBuildPhase section */

/* Begin PBXTargetDependency section */
		2D08997C1B69A7E400BD9798 /* PBXTargetDependency */ = {
			isa = PBXTargetDependency;
			target = 2D0899641B69A7E400BD9798 /* RoyalCustomer */;
			targetProxy = 2D08997B1B69A7E400BD9798 /* PBXContainerItemProxy */;
		};
/* End PBXTargetDependency section */

/* Begin PBXVariantGroup section */
		2D08996E1B69A7E400BD9798 /* Main.storyboard */ = {
			isa = PBXVariantGroup;
			children = (
				2D08996F1B69A7E400BD9798 /* Base */,
			);
			name = Main.storyboard;
			path = .;
			sourceTree = "<group>";
		};
		2D0899731B69A7E400BD9798 /* LaunchScreen.xib */ = {
			isa = PBXVariantGroup;
			children = (
				2D0899741B69A7E400BD9798 /* Base */,
			);
			name = LaunchScreen.xib;
			path = .;
			sourceTree = "<group>";
		};
/* End PBXVariantGroup section */

/* Begin XCBuildConfiguration section */
		2D0899821B69A7E400BD9798 /* Debug */ = {
			isa = XCBuildConfiguration;
			buildSettings = {
				ALWAYS_SEARCH_USER_PATHS = NO;
				CLANG_CXX_LANGUAGE_STANDARD = "gnu++0x";
				CLANG_CXX_LIBRARY = "libc++";
				CLANG_ENABLE_MODULES = YES;
				CLANG_ENABLE_OBJC_ARC = YES;
				CLANG_WARN_BOOL_CONVERSION = YES;
				CLANG_WARN_CONSTANT_CONVERSION = YES;
				CLANG_WARN_DIRECT_OBJC_ISA_USAGE = YES_ERROR;
				CLANG_WARN_EMPTY_BODY = YES;
				CLANG_WARN_ENUM_CONVERSION = YES;
				CLANG_WARN_INT_CONVERSION = YES;
				CLANG_WARN_OBJC_ROOT_CLASS = YES_ERROR;
				CLANG_WARN_UNREACHABLE_CODE = YES;
				CLANG_WARN__DUPLICATE_METHOD_MATCH = YES;
				"CODE_SIGN_IDENTITY[sdk=iphoneos*]" = "iPhone Developer";
				COPY_PHASE_STRIP = NO;
				DEBUG_INFORMATION_FORMAT = "dwarf-with-dsym";
				ENABLE_STRICT_OBJC_MSGSEND = YES;
				GCC_C_LANGUAGE_STANDARD = gnu99;
				GCC_DYNAMIC_NO_PIC = NO;
				GCC_NO_COMMON_BLOCKS = YES;
				GCC_OPTIMIZATION_LEVEL = 0;
				GCC_PREPROCESSOR_DEFINITIONS = (
					"DEBUG=1",
					"$(inherited)",
				);
				GCC_SYMBOLS_PRIVATE_EXTERN = NO;
				GCC_WARN_64_TO_32_BIT_CONVERSION = YES;
				GCC_WARN_ABOUT_RETURN_TYPE = YES_ERROR;
				GCC_WARN_UNDECLARED_SELECTOR = YES;
				GCC_WARN_UNINITIALIZED_AUTOS = YES_AGGRESSIVE;
				GCC_WARN_UNUSED_FUNCTION = YES;
				GCC_WARN_UNUSED_VARIABLE = YES;
				IPHONEOS_DEPLOYMENT_TARGET = 8.2;
				MTL_ENABLE_DEBUG_INFO = YES;
				ONLY_ACTIVE_ARCH = YES;
				SDKROOT = iphoneos;
				SWIFT_OPTIMIZATION_LEVEL = "-Onone";
			};
			name = Debug;
		};
		2D0899831B69A7E400BD9798 /* Release */ = {
			isa = XCBuildConfiguration;
			buildSettings = {
				ALWAYS_SEARCH_USER_PATHS = NO;
				CLANG_CXX_LANGUAGE_STANDARD = "gnu++0x";
				CLANG_CXX_LIBRARY = "libc++";
				CLANG_ENABLE_MODULES = YES;
				CLANG_ENABLE_OBJC_ARC = YES;
				CLANG_WARN_BOOL_CONVERSION = YES;
				CLANG_WARN_CONSTANT_CONVERSION = YES;
				CLANG_WARN_DIRECT_OBJC_ISA_USAGE = YES_ERROR;
				CLANG_WARN_EMPTY_BODY = YES;
				CLANG_WARN_ENUM_CONVERSION = YES;
				CLANG_WARN_INT_CONVERSION = YES;
				CLANG_WARN_OBJC_ROOT_CLASS = YES_ERROR;
				CLANG_WARN_UNREACHABLE_CODE = YES;
				CLANG_WARN__DUPLICATE_METHOD_MATCH = YES;
				"CODE_SIGN_IDENTITY[sdk=iphoneos*]" = "iPhone Developer";
				COPY_PHASE_STRIP = NO;
				DEBUG_INFORMATION_FORMAT = "dwarf-with-dsym";
				ENABLE_NS_ASSERTIONS = NO;
				ENABLE_STRICT_OBJC_MSGSEND = YES;
				GCC_C_LANGUAGE_STANDARD = gnu99;
				GCC_NO_COMMON_BLOCKS = YES;
				GCC_WARN_64_TO_32_BIT_CONVERSION = YES;
				GCC_WARN_ABOUT_RETURN_TYPE = YES_ERROR;
				GCC_WARN_UNDECLARED_SELECTOR = YES;
				GCC_WARN_UNINITIALIZED_AUTOS = YES_AGGRESSIVE;
				GCC_WARN_UNUSED_FUNCTION = YES;
				GCC_WARN_UNUSED_VARIABLE = YES;
				IPHONEOS_DEPLOYMENT_TARGET = 8.2;
				MTL_ENABLE_DEBUG_INFO = NO;
				SDKROOT = iphoneos;
				VALIDATE_PRODUCT = YES;
			};
			name = Release;
		};
		2D0899851B69A7E400BD9798 /* Debug */ = {
			isa = XCBuildConfiguration;
			baseConfigurationReference = 43D3EF0A61C712F8DA3A41F1 /* Pods.debug.xcconfig */;
			buildSettings = {
				ASSETCATALOG_COMPILER_APPICON_NAME = AppIcon;
				INFOPLIST_FILE = "RoyalCustomer/Supporting Files/Info.plist";
				LD_RUNPATH_SEARCH_PATHS = "$(inherited) @executable_path/Frameworks";
				PRODUCT_NAME = "$(TARGET_NAME)";
				SWIFT_OBJC_BRIDGING_HEADER = "RoyalCustomer/RoyalCustomer-Bridging-Header.h";
			};
			name = Debug;
		};
		2D0899861B69A7E400BD9798 /* Release */ = {
			isa = XCBuildConfiguration;
			baseConfigurationReference = 79CB1A88BA802A196012D779 /* Pods.release.xcconfig */;
			buildSettings = {
				ASSETCATALOG_COMPILER_APPICON_NAME = AppIcon;
				INFOPLIST_FILE = "RoyalCustomer/Supporting Files/Info.plist";
				LD_RUNPATH_SEARCH_PATHS = "$(inherited) @executable_path/Frameworks";
				PRODUCT_NAME = "$(TARGET_NAME)";
				SWIFT_OBJC_BRIDGING_HEADER = "RoyalCustomer/RoyalCustomer-Bridging-Header.h";
			};
			name = Release;
		};
		2D0899881B69A7E400BD9798 /* Debug */ = {
			isa = XCBuildConfiguration;
			buildSettings = {
				BUNDLE_LOADER = "$(TEST_HOST)";
				FRAMEWORK_SEARCH_PATHS = (
					"$(SDKROOT)/Developer/Library/Frameworks",
					"$(inherited)",
				);
				GCC_PREPROCESSOR_DEFINITIONS = (
					"DEBUG=1",
					"$(inherited)",
				);
				INFOPLIST_FILE = "RoyalCustomerTests/Supporting Files/Info.plist";
				LD_RUNPATH_SEARCH_PATHS = "$(inherited) @executable_path/Frameworks @loader_path/Frameworks";
				PRODUCT_NAME = "$(TARGET_NAME)";
				TEST_HOST = "$(BUILT_PRODUCTS_DIR)/RoyalCustomer.app/RoyalCustomer";
			};
			name = Debug;
		};
		2D0899891B69A7E400BD9798 /* Release */ = {
			isa = XCBuildConfiguration;
			buildSettings = {
				BUNDLE_LOADER = "$(TEST_HOST)";
				FRAMEWORK_SEARCH_PATHS = (
					"$(SDKROOT)/Developer/Library/Frameworks",
					"$(inherited)",
				);
				INFOPLIST_FILE = "RoyalCustomerTests/Supporting Files/Info.plist";
				LD_RUNPATH_SEARCH_PATHS = "$(inherited) @executable_path/Frameworks @loader_path/Frameworks";
				PRODUCT_NAME = "$(TARGET_NAME)";
				TEST_HOST = "$(BUILT_PRODUCTS_DIR)/RoyalCustomer.app/RoyalCustomer";
			};
			name = Release;
		};
/* End XCBuildConfiguration section */

/* Begin XCConfigurationList section */
		2D0899601B69A7E400BD9798 /* Build configuration list for PBXProject "RoyalCustomer" */ = {
			isa = XCConfigurationList;
			buildConfigurations = (
				2D0899821B69A7E400BD9798 /* Debug */,
				2D0899831B69A7E400BD9798 /* Release */,
			);
			defaultConfigurationIsVisible = 0;
			defaultConfigurationName = Release;
		};
		2D0899841B69A7E400BD9798 /* Build configuration list for PBXNativeTarget "RoyalCustomer" */ = {
			isa = XCConfigurationList;
			buildConfigurations = (
				2D0899851B69A7E400BD9798 /* Debug */,
				2D0899861B69A7E400BD9798 /* Release */,
			);
			defaultConfigurationIsVisible = 0;
			defaultConfigurationName = Release;
		};
		2D0899871B69A7E400BD9798 /* Build configuration list for PBXNativeTarget "RoyalCustomerTests" */ = {
			isa = XCConfigurationList;
			buildConfigurations = (
				2D0899881B69A7E400BD9798 /* Debug */,
				2D0899891B69A7E400BD9798 /* Release */,
			);
			defaultConfigurationIsVisible = 0;
			defaultConfigurationName = Release;
		};
/* End XCConfigurationList section */
	};
	rootObject = 2D08995D1B69A7E400BD9798 /* Project object */;
}
